PODS:
  - AgoraAudio_iOS (3.4.2)
  - AsyncDisplayKit (2.2.1):
    - AsyncDisplayKit/PINRemoteImage (= 2.2.1)
  - AsyncDisplayKit/Core (2.2.1)
  - AsyncDisplayKit/PINRemoteImage (2.2.1):
    - AsyncDisplayKit/Core
    - PINRemoteImage/iOS (= 3.0.0-beta.8)
    - PINRemoteImage/PINCache
  - Masonry (1.1.0)
  - MBProgressHUD (1.2.0)
  - PINCache (3.0.1-beta.4):
    - PINCache/Arc-exception-safe (= 3.0.1-beta.4)
    - PINCache/Core (= 3.0.1-beta.4)
  - PINCache/Arc-exception-safe (3.0.1-beta.4):
    - PINCache/Core
  - PINCache/Core (3.0.1-beta.4):
    - PINOperation (= 1.0.3)
  - PINOperation (1.0.3)
  - PINRemoteImage/Core (3.0.0-beta.8)
  - PINRemoteImage/iOS (3.0.0-beta.8):
    - PINRemoteImage/Core
  - PINRemoteImage/PINCache (3.0.0-beta.8):
    - PINCache (= 3.0.1-beta.4)
    - PINRemoteImage/Core
  - pop (1.0.12)
  - YYKit (1.0.9):
    - YYKit/no-arc (= 1.0.9)
  - YYKit/no-arc (1.0.9)

DEPENDENCIES:
  - AgoraAudio_iOS
  - AsyncDisplayKit (~> 2.2.1)
  - Masonry (~> 1.1.0)
  - MBProgressHUD (~> 1.2.0)
  - pop (~> 1.0.9)
  - YYKit (~> 1.0.9)

SPEC REPOS:
  trunk:
    - AgoraAudio_iOS
    - AsyncDisplayKit
    - Masonry
    - MBProgressHUD
    - PINCache
    - PINOperation
    - PINRemoteImage
    - pop
    - YYKit

SPEC CHECKSUMS:
  AgoraAudio_iOS: 74e3f73bef751fe584684ce8dab8206b14228fe8
  AsyncDisplayKit: 2234dd8d8770a5ed72936b3f8394bd5a807765f6
  Masonry: 678fab65091a9290e40e2832a55e7ab731aad201
  MBProgressHUD: 3ee5efcc380f6a79a7cc9b363dd669c5e1ae7406
  PINCache: a89c8f609232afac77128557bd12c861844423d7
  PINOperation: ac23db44796d4a564ecf9b5ea7163510f579b71d
  PINRemoteImage: c4f9f16932840c597f32e69dd288e10e111a1929
  pop: d582054913807fd11fd50bfe6a539d91c7e1a55a
  YYKit: 7cda43304a8dc3696c449041e2cb3107b4e236e7

PODFILE CHECKSUM: 24561e7b27b47b526b8e1c20226e4fe7f0ed660f

COCOAPODS: 1.9.0
